
Microsoft Visual Studio Solution File, Format Version 12.00
# Visual Studio Version 16
VisualStudioVersion = 16.0.30503.244
MinimumVisualStudioVersion = 10.0.40219.1
Project("{FAE04EC0-301F-11D3-BF4B-00C04F79EFBC}") = "PnPProvisioningDemo", "PnPProvisioningDemo\PnPProvisioningDemo.csproj", "{F0A91A0F-E97B-4873-BD15-86D4668C5FFE}"
EndProject
Global
	GlobalSection(SolutionConfigurationPlatforms) = preSolution
		Debug|Any CPU = Debug|Any CPU
		Release|Any CPU = Release|Any CPU
	EndGlobalSection
	GlobalSection(ProjectConfigurationPlatforms) = postSolution
		{F0A91A0F-E97B-4873-BD15-86D4668C5FFE}.Debug|Any CPU.ActiveCfg = Debug|Any CPU
		{F0A91A0F-E97B-4873-BD15-86D4668C5FFE}.Debug|Any CPU.Build.0 = Debug|Any CPU
		{F0A91A0F-E97B-4873-BD15-86D4668C5FFE}.Release|Any CPU.ActiveCfg = Release|Any CPU
		{F0A91A0F-E97B-4873-BD15-86D4668C5FFE}.Release|Any CPU.Build.0 = Release|Any CPU
	EndGlobalSection
	GlobalSection(SolutionProperties) = preSolution
		HideSolutionNode = FALSE
	EndGlobalSection
	GlobalSection(ExtensibilityGlobals) = postSolution
		SolutionGuid = {D0513800-944A-4236-9850-8C7E1D36895D}
	EndGlobalSection
EndGlobal
